
Microsoft Visual Studio Solution File, Format Version 12.00
# Visual Studio Version 17
VisualStudioVersion = 17.14.36221.1 d17.14
MinimumVisualStudioVersion = 10.0.40219.1
Project("{FAE04EC0-301F-11D3-BF4B-00C04F79EFBC}") = "VideoGameCatalogue.API", "VideoGameCatalogue.API\VideoGameCatalogue.API.csproj", "{4C8B6020-4A68-4704-ABBC-D6F3738F2E3C}"
EndProject
Global
	GlobalSection(SolutionConfigurationPlatforms) = preSolution
		Debug|Any CPU = Debug|Any CPU
		Release|Any CPU = Release|Any CPU
	EndGlobalSection
	GlobalSection(ProjectConfigurationPlatforms) = postSolution
		{4C8B6020-4A68-4704-ABBC-D6F3738F2E3C}.Debug|Any CPU.ActiveCfg = Debug|Any CPU
		{4C8B6020-4A68-4704-ABBC-D6F3738F2E3C}.Debug|Any CPU.Build.0 = Debug|Any CPU
		{4C8B6020-4A68-4704-ABBC-D6F3738F2E3C}.Release|Any CPU.ActiveCfg = Release|Any CPU
		{4C8B6020-4A68-4704-ABBC-D6F3738F2E3C}.Release|Any CPU.Build.0 = Release|Any CPU
	EndGlobalSection
	GlobalSection(SolutionProperties) = preSolution
		HideSolutionNode = FALSE
	EndGlobalSection
	GlobalSection(ExtensibilityGlobals) = postSolution
		SolutionGuid = {26ACFB02-0C04-40AE-A244-1F2530462654}
	EndGlobalSection
EndGlobal
